// !$*UTF8*$!
{
	archiveVersion = 1;
	classes = {
	};
	objectVersion = 48;
	objects = {

/* Begin PBXBuildFile section */
		F2E4976D20FA42EB00FCDE7A /* AppDelegate.swift in Sources */ = {isa = PBXBuildFile; fileRef = F2E4976C20FA42EB00FCDE7A /* AppDelegate.swift */; };
		F2E4976F20FA42EB00FCDE7A /* ViewController.swift in Sources */ = {isa = PBXBuildFile; fileRef = F2E4976E20FA42EB00FCDE7A /* ViewController.swift */; };
		F2E4977220FA42EB00FCDE7A /* Main.storyboard in Resources */ = {isa = PBXBuildFile; fileRef = F2E4977020FA42EB00FCDE7A /* Main.storyboard */; };
		F2E4977420FA42EB00FCDE7A /* Assets.xcassets in Resources */ = {isa = PBXBuildFile; fileRef = F2E4977320FA42EB00FCDE7A /* Assets.xcassets */; };
		F2E4977720FA42EB00FCDE7A /* LaunchScreen.storyboard in Resources */ = {isa = PBXBuildFile; fileRef = F2E4977520FA42EB00FCDE7A /* LaunchScreen.storyboard */; };
		F2E4978220FA42EB00FCDE7A /* testTests.swift in Sources */ = {isa = PBXBuildFile; fileRef = F2E4978120FA42EB00FCDE7A /* testTests.swift */; };
		F2E4978D20FA42EB00FCDE7A /* testUITests.swift in Sources */ = {isa = PBXBuildFile; fileRef = F2E4978C20FA42EB00FCDE7A /* testUITests.swift */; };
/* End PBXBuildFile section */

/* Begin PBXContainerItemProxy section */
		F2E4977E20FA42EB00FCDE7A /* PBXContainerItemProxy */ = {
			isa = PBXContainerItemProxy;
			containerPortal = F2E4976120FA42EB00FCDE7A /* Project object */;
			proxyType = 1;
			remoteGlobalIDString = F2E4976820FA42EB00FCDE7A;
			remoteInfo = test;
		};
		F2E4978920FA42EB00FCDE7A /* PBXContainerItemProxy */ = {
			isa = PBXContainerItemProxy;
			containerPortal = F2E4976120FA42EB00FCDE7A /* Project object */;
			proxyType = 1;
			remoteGlobalIDString = F2E4976820FA42EB00FCDE7A;
			remoteInfo = test;
		};
/* End PBXContainerItemProxy section */

/* Begin PBXFileReference section */
		F2E4976920FA42EB00FCDE7A /* test.app */ = {isa = PBXFileReference; explicitFileType = wrapper.application; includeInIndex = 0; path = test.app; sourceTree = BUILT_PRODUCTS_DIR; };
		F2E4976C20FA42EB00FCDE7A /* AppDelegate.swift */ = {isa = PBXFileReference; lastKnownFileType = sourcecode.swift; path = AppDelegate.swift; sourceTree = "<group>"; };
		F2E4976E20FA42EB00FCDE7A /* ViewController.swift */ = {isa = PBXFileReference; lastKnownFileType = sourcecode.swift; path = ViewController.swift; sourceTree = "<group>"; };
		F2E4977120FA42EB00FCDE7A /* Base */ = {isa = PBXFileReference; lastKnownFileType = file.storyboard; name = Base; path = Base.lproj/Main.storyboard; sourceTree = "<group>"; };
		F2E4977320FA42EB00FCDE7A /* Assets.xcassets */ = {isa = PBXFileReference; lastKnownFileType = folder.assetcatalog; path = Assets.xcassets; sourceTree = "<group>"; };
		F2E4977620FA42EB00FCDE7A /* Base */ = {isa = PBXFileReference; lastKnownFileType = file.storyboard; name = Base; path = Base.lproj/LaunchScreen.storyboard; sourceTree = "<group>"; };
		F2E4977820FA42EB00FCDE7A /* Info.plist */ = {isa = PBXFileReference; lastKnownFileType = text.plist.xml; path = Info.plist; sourceTree = "<group>"; };
		F2E4977D20FA42EB00FCDE7A /* testTests.xctest */ = {isa = PBXFileReference; explicitFileType = wrapper.cfbundle; includeInIndex = 0; path = testTests.xctest; sourceTree = BUILT_PRODUCTS_DIR; };
		F2E4978120FA42EB00FCDE7A /* testTests.swift */ = {isa = PBXFileReference; lastKnownFileType = sourcecode.swift; path = testTests.swift; sourceTree = "<group>"; };
		F2E4978320FA42EB00FCDE7A /* Info.plist */ = {isa = PBXFileReference; lastKnownFileType = text.plist.xml; path = Info.plist; sourceTree = "<group>"; };
		F2E4978820FA42EB00FCDE7A /* testUITests.xctest */ = {isa = PBXFileReference; explicitFileType = wrapper.cfbundle; includeInIndex = 0; path = testUITests.xctest; sourceTree = BUILT_PRODUCTS_DIR; };
		F2E4978C20FA42EB00FCDE7A /* testUITests.swift */ = {isa = PBXFileReference; lastKnownFileType = sourcecode.swift; path = testUITests.swift; sourceTree = "<group>"; };
		F2E4978E20FA42EB00FCDE7A /* Info.plist */ = {isa = PBXFileReference; lastKnownFileType = text.plist.xml; path = Info.plist; sourceTree = "<group>"; };
/* End PBXFileReference section */

/* Begin PBXFrameworksBuildPhase section */
		F2E4976620FA42EB00FCDE7A /* Frameworks */ = {
			isa = PBXFrameworksBuildPhase;
			buildActionMask = 2147483647;
			files = (
			);
			runOnlyForDeploymentPostprocessing = 0;
		};
		F2E4977A20FA42EB00FCDE7A /* Frameworks */ = {
			isa = PBXFrameworksBuildPhase;
			buildActionMask = 2147483647;
			files = (
			);
			runOnlyForDeploymentPostprocessing = 0;
		};
		F2E4978520FA42EB00FCDE7A /* Frameworks */ = {
			isa = PBXFrameworksBuildPhase;
			buildActionMask = 2147483647;
			files = (
			);
			runOnlyForDeploymentPostprocessing = 0;
		};
/* End PBXFrameworksBuildPhase section */

/* Begin PBXGroup section */
		F2E4976020FA42EB00FCDE7A = {
			isa = PBXGroup;
			children = (
				F2E4976B20FA42EB00FCDE7A /* test */,
				F2E4978020FA42EB00FCDE7A /* testTests */,
				F2E4978B20FA42EB00FCDE7A /* testUITests */,
				F2E4976A20FA42EB00FCDE7A /* Products */,
			);
			sourceTree = "<group>";
		};
		F2E4976A20FA42EB00FCDE7A /* Products */ = {
			isa = PBXGroup;
			children = (
				F2E4976920FA42EB00FCDE7A /* test.app */,
				F2E4977D20FA42EB00FCDE7A /* testTests.xctest */,
				F2E4978820FA42EB00FCDE7A /* testUITests.xctest */,
			);
			name = Products;
			sourceTree = "<group>";
		};
		F2E4976B20FA42EB00FCDE7A /* test */ = {
			isa = PBXGroup;
			children = (
				F2E4976C20FA42EB00FCDE7A /* AppDelegate.swift */,
				F2E4976E20FA42EB00FCDE7A /* ViewController.swift */,
				F2E4977020FA42EB00FCDE7A /* Main.storyboard */,
				F2E4977320FA42EB00FCDE7A /* Assets.xcassets */,
				F2E4977520FA42EB00FCDE7A /* LaunchScreen.storyboard */,
				F2E4977820FA42EB00FCDE7A /* Info.plist */,
			);
			path = test;
			sourceTree = "<group>";
		};
		F2E4978020FA42EB00FCDE7A /* testTests */ = {
			isa = PBXGroup;
			children = (
				F2E4978120FA42EB00FCDE7A /* testTests.swift */,
				F2E4978320FA42EB00FCDE7A /* Info.plist */,
			);
			path = testTests;
			sourceTree = "<group>";
		};
		F2E4978B20FA42EB00FCDE7A /* testUITests */ = {
			isa = PBXGroup;
			children = (
				F2E4978C20FA42EB00FCDE7A /* testUITests.swift */,
				F2E4978E20FA42EB00FCDE7A /* Info.plist */,
			);
			path = testUITests;
			sourceTree = "<group>";
		};
/* End PBXGroup section */

/* Begin PBXNativeTarget section */
		F2E4976820FA42EB00FCDE7A /* test */ = {
			isa = PBXNativeTarget;
			buildConfigurationList = F2E4979120FA42EB00FCDE7A /* Build configuration list for PBXNativeTarget "test" */;
			buildPhases = (
				F2E4976520FA42EB00FCDE7A /* Sources */,
				F2E4976620FA42EB00FCDE7A /* Frameworks */,
				F2E4976720FA42EB00FCDE7A /* Resources */,
			);
			buildRules = (
			);
			dependencies = (
			);
			name = test;
			productName = test;
			productReference = F2E4976920FA42EB00FCDE7A /* test.app */;
			productType = "com.apple.product-type.application";
		};
		F2E4977C20FA42EB00FCDE7A /* testTests */ = {
			isa = PBXNativeTarget;
			buildConfigurationList = F2E4979420FA42EB00FCDE7A /* Build configuration list for PBXNativeTarget "testTests" */;
			buildPhases = (
				F2E4977920FA42EB00FCDE7A /* Sources */,
				F2E4977A20FA42EB00FCDE7A /* Frameworks */,
				F2E4977B20FA42EB00FCDE7A /* Resources */,
			);
			buildRules = (
			);
			dependencies = (
				F2E4977F20FA42EB00FCDE7A /* PBXTargetDependency */,
			);
			name = testTests;
			productName = testTests;
			productReference = F2E4977D20FA42EB00FCDE7A /* testTests.xctest */;
			productType = "com.apple.product-type.bundle.unit-test";
		};
		F2E4978720FA42EB00FCDE7A /* testUITests */ = {
			isa = PBXNativeTarget;
			buildConfigurationList = F2E4979720FA42EB00FCDE7A /* Build configuration list for PBXNativeTarget "testUITests" */;
			buildPhases = (
				F2E4978420FA42EB00FCDE7A /* Sources */,
				F2E4978520FA42EB00FCDE7A /* Frameworks */,
				F2E4978620FA42EB00FCDE7A /* Resources */,
			);
			buildRules = (
			);
			dependencies = (
				F2E4978A20FA42EB00FCDE7A /* PBXTargetDependency */,
			);
			name = testUITests;
			productName = testUITests;
			productReference = F2E4978820FA42EB00FCDE7A /* testUITests.xctest */;
			productType = "com.apple.product-type.bundle.ui-testing";
		};
/* End PBXNativeTarget section */

/* Begin PBXProject section */
		F2E4976120FA42EB00FCDE7A /* Project object */ = {
			isa = PBXProject;
			attributes = {
				LastSwiftUpdateCheck = 0920;
				LastUpgradeCheck = 0920;
				ORGANIZATIONNAME = XING;
				TargetAttributes = {
					F2E4976820FA42EB00FCDE7A = {
						CreatedOnToolsVersion = 9.2;
						ProvisioningStyle = Automatic;
					};
					F2E4977C20FA42EB00FCDE7A = {
						CreatedOnToolsVersion = 9.2;
						ProvisioningStyle = Automatic;
						TestTargetID = F2E4976820FA42EB00FCDE7A;
					};
					F2E4978720FA42EB00FCDE7A = {
						CreatedOnToolsVersion = 9.2;
						ProvisioningStyle = Automatic;
						TestTargetID = F2E4976820FA42EB00FCDE7A;
					};
				};
			};
			buildConfigurationList = F2E4976420FA42EB00FCDE7A /* Build configuration list for PBXProject "test" */;
			compatibilityVersion = "Xcode 8.0";
			developmentRegion = en;
			hasScannedForEncodings = 0;
			knownRegions = (
				en,
				Base,
			);
			mainGroup = F2E4976020FA42EB00FCDE7A;
			productRefGroup = F2E4976A20FA42EB00FCDE7A /* Products */;
			projectDirPath = "";
			projectRoot = "";
			targets = (
				F2E4976820FA42EB00FCDE7A /* test */,
				F2E4977C20FA42EB00FCDE7A /* testTests */,
				F2E4978720FA42EB00FCDE7A /* testUITests */,
			);
		};
/* End PBXProject section */

/* Begin PBXResourcesBuildPhase section */
		F2E4976720FA42EB00FCDE7A /* Resources */ = {
			isa = PBXResourcesBuildPhase;
			buildActionMask = 2147483647;
			files = (
				F2E4977720FA42EB00FCDE7A /* LaunchScreen.storyboard in Resources */,
				F2E4977420FA42EB00FCDE7A /* Assets.xcassets in Resources */,
				F2E4977220FA42EB00FCDE7A /* Main.storyboard in Resources */,
			);
			runOnlyForDeploymentPostprocessing = 0;
		};
		F2E4977B20FA42EB00FCDE7A /* Resources */ = {
			isa = PBXResourcesBuildPhase;
			buildActionMask = 2147483647;
			files = (
			);
			runOnlyForDeploymentPostprocessing = 0;
		};
		F2E4978620FA42EB00FCDE7A /* Resources */ = {
			isa = PBXResourcesBuildPhase;
			buildActionMask = 2147483647;
			files = (
			);
			runOnlyForDeploymentPostprocessing = 0;
		};
/* End PBXResourcesBuildPhase section */

/* Begin PBXSourcesBuildPhase section */
		F2E4976520FA42EB00FCDE7A /* Sources */ = {
			isa = PBXSourcesBuildPhase;
			buildActionMask = 2147483647;
			files = (
				F2E4976F20FA42EB00FCDE7A /* ViewController.swift in Sources */,
				F2E4976D20FA42EB00FCDE7A /* AppDelegate.swift in Sources */,
			);
			runOnlyForDeploymentPostprocessing = 0;
		};
		F2E4977920FA42EB00FCDE7A /* Sources */ = {
			isa = PBXSourcesBuildPhase;
			buildActionMask = 2147483647;
			files = (
				F2E4978220FA42EB00FCDE7A /* testTests.swift in Sources */,
			);
			runOnlyForDeploymentPostprocessing = 0;
		};
		F2E4978420FA42EB00FCDE7A /* Sources */ = {
			isa = PBXSourcesBuildPhase;
			buildActionMask = 2147483647;
			files = (
				F2E4978D20FA42EB00FCDE7A /* testUITests.swift in Sources */,
			);
			runOnlyForDeploymentPostprocessing = 0;
		};
/* End PBXSourcesBuildPhase section */

/* Begin PBXTargetDependency section */
		F2E4977F20FA42EB00FCDE7A /* PBXTargetDependency */ = {
			isa = PBXTargetDependency;
			target = F2E4976820FA42EB00FCDE7A /* test */;
			targetProxy = F2E4977E20FA42EB00FCDE7A /* PBXContainerItemProxy */;
		};
		F2E4978A20FA42EB00FCDE7A /* PBXTargetDependency */ = {
			isa = PBXTargetDependency;
			target = F2E4976820FA42EB00FCDE7A /* test */;
			targetProxy = F2E4978920FA42EB00FCDE7A /* PBXContainerItemProxy */;
		};
/* End PBXTargetDependency section */

/* Begin PBXVariantGroup section */
		F2E4977020FA42EB00FCDE7A /* Main.storyboard */ = {
			isa = PBXVariantGroup;
			children = (
				F2E4977120FA42EB00FCDE7A /* Base */,
			);
			name = Main.storyboard;
			sourceTree = "<group>";
		};
		F2E4977520FA42EB00FCDE7A /* LaunchScreen.storyboard */ = {
			isa = PBXVariantGroup;
			children = (
				F2E4977620FA42EB00FCDE7A /* Base */,
			);
			name = LaunchScreen.storyboard;
			sourceTree = "<group>";
		};
/* End PBXVariantGroup section */

/* Begin XCBuildConfiguration section */
		F2E4978F20FA42EB00FCDE7A /* Debug */ = {
			isa = XCBuildConfiguration;
			buildSettings = {
				ALWAYS_SEARCH_USER_PATHS = NO;
				CLANG_ANALYZER_NONNULL = YES;
				CLANG_ANALYZER_NUMBER_OBJECT_CONVERSION = YES_AGGRESSIVE;
				CLANG_CXX_LANGUAGE_STANDARD = "gnu++14";
				CLANG_CXX_LIBRARY = "libc++";
				CLANG_ENABLE_MODULES = YES;
				CLANG_ENABLE_OBJC_ARC = YES;
				CLANG_WARN_BLOCK_CAPTURE_AUTORELEASING = YES;
				CLANG_WARN_BOOL_CONVERSION = YES;
				CLANG_WARN_COMMA = YES;
				CLANG_WARN_CONSTANT_CONVERSION = YES;
				CLANG_WARN_DIRECT_OBJC_ISA_USAGE = YES_ERROR;
				CLANG_WARN_DOCUMENTATION_COMMENTS = YES;
				CLANG_WARN_EMPTY_BODY = YES;
				CLANG_WARN_ENUM_CONVERSION = YES;
				CLANG_WARN_INFINITE_RECURSION = YES;
				CLANG_WARN_INT_CONVERSION = YES;
				CLANG_WARN_NON_LITERAL_NULL_CONVERSION = YES;
				CLANG_WARN_OBJC_LITERAL_CONVERSION = YES;
				CLANG_WARN_OBJC_ROOT_CLASS = YES_ERROR;
				CLANG_WARN_RANGE_LOOP_ANALYSIS = YES;
				CLANG_WARN_STRICT_PROTOTYPES = YES;
				CLANG_WARN_SUSPICIOUS_MOVE = YES;
				CLANG_WARN_UNGUARDED_AVAILABILITY = YES_AGGRESSIVE;
				CLANG_WARN_UNREACHABLE_CODE = YES;
				CLANG_WARN__DUPLICATE_METHOD_MATCH = YES;
				CODE_SIGN_IDENTITY = "iPhone Developer";
				COPY_PHASE_STRIP = NO;
				DEBUG_INFORMATION_FORMAT = dwarf;
				ENABLE_STRICT_OBJC_MSGSEND = YES;
				ENABLE_TESTABILITY = YES;
				GCC_C_LANGUAGE_STANDARD = gnu11;
				GCC_DYNAMIC_NO_PIC = NO;
				GCC_NO_COMMON_BLOCKS = YES;
				GCC_OPTIMIZATION_LEVEL = 0;
				GCC_PREPROCESSOR_DEFINITIONS = (
					"DEBUG=1",
					"$(inherited)",
				);
				GCC_WARN_64_TO_32_BIT_CONVERSION = YES;
				GCC_WARN_ABOUT_RETURN_TYPE = YES_ERROR;
				GCC_WARN_UNDECLARED_SELECTOR = YES;
				GCC_WARN_UNINITIALIZED_AUTOS = YES_AGGRESSIVE;
				GCC_WARN_UNUSED_FUNCTION = YES;
				GCC_WARN_UNUSED_VARIABLE = YES;
				IPHONEOS_DEPLOYMENT_TARGET = 11.2;
				MTL_ENABLE_DEBUG_INFO = YES;
				ONLY_ACTIVE_ARCH = YES;
				SDKROOT = iphoneos;
				SWIFT_ACTIVE_COMPILATION_CONDITIONS = DEBUG;
				SWIFT_OPTIMIZATION_LEVEL = "-Onone";
			};
			name = Debug;
		};
		F2E4979020FA42EB00FCDE7A /* Release */ = {
			isa = XCBuildConfiguration;
			buildSettings = {
				ALWAYS_SEARCH_USER_PATHS = NO;
				CLANG_ANALYZER_NONNULL = YES;
				CLANG_ANALYZER_NUMBER_OBJECT_CONVERSION = YES_AGGRESSIVE;
				CLANG_CXX_LANGUAGE_STANDARD = "gnu++14";
				CLANG_CXX_LIBRARY = "libc++";
				CLANG_ENABLE_MODULES = YES;
				CLANG_ENABLE_OBJC_ARC = YES;
				CLANG_WARN_BLOCK_CAPTURE_AUTORELEASING = YES;
				CLANG_WARN_BOOL_CONVERSION = YES;
				CLANG_WARN_COMMA = YES;
				CLANG_WARN_CONSTANT_CONVERSION = YES;
				CLANG_WARN_DIRECT_OBJC_ISA_USAGE = YES_ERROR;
				CLANG_WARN_DOCUMENTATION_COMMENTS = YES;
				CLANG_WARN_EMPTY_BODY = YES;
				CLANG_WARN_ENUM_CONVERSION = YES;
				CLANG_WARN_INFINITE_RECURSION = YES;
				CLANG_WARN_INT_CONVERSION = YES;
				CLANG_WARN_NON_LITERAL_NULL_CONVERSION = YES;
				CLANG_WARN_OBJC_LITERAL_CONVERSION = YES;
				CLANG_WARN_OBJC_ROOT_CLASS = YES_ERROR;
				CLANG_WARN_RANGE_LOOP_ANALYSIS = YES;
				CLANG_WARN_STRICT_PROTOTYPES = YES;
				CLANG_WARN_SUSPICIOUS_MOVE = YES;
				CLANG_WARN_UNGUARDED_AVAILABILITY = YES_AGGRESSIVE;
				CLANG_WARN_UNREACHABLE_CODE = YES;
				CLANG_WARN__DUPLICATE_METHOD_MATCH = YES;
				CODE_SIGN_IDENTITY = "iPhone Developer";
				COPY_PHASE_STRIP = NO;
				DEBUG_INFORMATION_FORMAT = "dwarf-with-dsym";
				ENABLE_NS_ASSERTIONS = NO;
				ENABLE_STRICT_OBJC_MSGSEND = YES;
				GCC_C_LANGUAGE_STANDARD = gnu11;
				GCC_NO_COMMON_BLOCKS = YES;
				GCC_WARN_64_TO_32_BIT_CONVERSION = YES;
				GCC_WARN_ABOUT_RETURN_TYPE = YES_ERROR;
				GCC_WARN_UNDECLARED_SELECTOR = YES;
				GCC_WARN_UNINITIALIZED_AUTOS = YES_AGGRESSIVE;
				GCC_WARN_UNUSED_FUNCTION = YES;
				GCC_WARN_UNUSED_VARIABLE = YES;
				IPHONEOS_DEPLOYMENT_TARGET = 11.2;
				MTL_ENABLE_DEBUG_INFO = NO;
				SDKROOT = iphoneos;
				SWIFT_OPTIMIZATION_LEVEL = "-Owholemodule";
				VALIDATE_PRODUCT = YES;
			};
			name = Release;
		};
		F2E4979220FA42EB00FCDE7A /* Debug */ = {
			isa = XCBuildConfiguration;
			buildSettings = {
				ASSETCATALOG_COMPILER_APPICON_NAME = AppIcon;
				CODE_SIGN_STYLE = Automatic;
				INFOPLIST_FILE = test/Info.plist;
				LD_RUNPATH_SEARCH_PATHS = "$(inherited) @executable_path/Frameworks";
				PRODUCT_BUNDLE_IDENTIFIER = com.innovariate.test;
				PRODUCT_NAME = "$(TARGET_NAME)";
				SWIFT_VERSION = 4.0;
				TARGETED_DEVICE_FAMILY = "1,2";
			};
			name = Debug;
		};
		F2E4979320FA42EB00FCDE7A /* Release */ = {
			isa = XCBuildConfiguration;
			buildSettings = {
				ASSETCATALOG_COMPILER_APPICON_NAME = AppIcon;
				CODE_SIGN_STYLE = Automatic;
				INFOPLIST_FILE = test/Info.plist;
				LD_RUNPATH_SEARCH_PATHS = "$(inherited) @executable_path/Frameworks";
				PRODUCT_BUNDLE_IDENTIFIER = com.innovariate.test;
				PRODUCT_NAME = "$(TARGET_NAME)";
				SWIFT_VERSION = 4.0;
				TARGETED_DEVICE_FAMILY = "1,2";
			};
			name = Release;
		};
		F2E4979520FA42EB00FCDE7A /* Debug */ = {
			isa = XCBuildConfiguration;
			buildSettings = {
				ALWAYS_EMBED_SWIFT_STANDARD_LIBRARIES = YES;
				BUNDLE_LOADER = "$(TEST_HOST)";
				CODE_SIGN_STYLE = Automatic;
				INFOPLIST_FILE = testTests/Info.plist;
				LD_RUNPATH_SEARCH_PATHS = "$(inherited) @executable_path/Frameworks @loader_path/Frameworks";
				PRODUCT_BUNDLE_IDENTIFIER = com.innovariate.testTests;
				PRODUCT_NAME = "$(TARGET_NAME)";
				SWIFT_VERSION = 4.0;
				TARGETED_DEVICE_FAMILY = "1,2";
				TEST_HOST = "$(BUILT_PRODUCTS_DIR)/test.app/test";
			};
			name = Debug;
		};
		F2E4979620FA42EB00FCDE7A /* Release */ = {
			isa = XCBuildConfiguration;
			buildSettings = {
				ALWAYS_EMBED_SWIFT_STANDARD_LIBRARIES = YES;
				BUNDLE_LOADER = "$(TEST_HOST)";
				CODE_SIGN_STYLE = Automatic;
				INFOPLIST_FILE = testTests/Info.plist;
				LD_RUNPATH_SEARCH_PATHS = "$(inherited) @executable_path/Frameworks @loader_path/Frameworks";
				PRODUCT_BUNDLE_IDENTIFIER = com.innovariate.testTests;
				PRODUCT_NAME = "$(TARGET_NAME)";
				SWIFT_VERSION = 4.0;
				TARGETED_DEVICE_FAMILY = "1,2";
				TEST_HOST = "$(BUILT_PRODUCTS_DIR)/test.app/test";
			};
			name = Release;
		};
		F2E4979820FA42EB00FCDE7A /* Debug */ = {
			isa = XCBuildConfiguration;
			buildSettings = {
				ALWAYS_EMBED_SWIFT_STANDARD_LIBRARIES = YES;
				CODE_SIGN_STYLE = Automatic;
				INFOPLIST_FILE = testUITests/Info.plist;
				LD_RUNPATH_SEARCH_PATHS = "$(inherited) @executable_path/Frameworks @loader_path/Frameworks";
				PRODUCT_BUNDLE_IDENTIFIER = com.innovariate.testUITests;
				PRODUCT_NAME = "$(TARGET_NAME)";
				SWIFT_VERSION = 4.0;
				TARGETED_DEVICE_FAMILY = "1,2";
				TEST_TARGET_NAME = test;
			};
			name = Debug;
		};
		F2E4979920FA42EB00FCDE7A /* Release */ = {
			isa = XCBuildConfiguration;
			buildSettings = {
				ALWAYS_EMBED_SWIFT_STANDARD_LIBRARIES = YES;
				CODE_SIGN_STYLE = Automatic;
				INFOPLIST_FILE = testUITests/Info.plist;
				LD_RUNPATH_SEARCH_PATHS = "$(inherited) @executable_path/Frameworks @loader_path/Frameworks";
				PRODUCT_BUNDLE_IDENTIFIER = com.innovariate.testUITests;
				PRODUCT_NAME = "$(TARGET_NAME)";
				SWIFT_VERSION = 4.0;
				TARGETED_DEVICE_FAMILY = "1,2";
				TEST_TARGET_NAME = test;
			};
			name = Release;
		};
/* End XCBuildConfiguration section */

/* Begin XCConfigurationList section */
		F2E4976420FA42EB00FCDE7A /* Build configuration list for PBXProject "test" */ = {
			isa = XCConfigurationList;
			buildConfigurations = (
				F2E4978F20FA42EB00FCDE7A /* Debug */,
				F2E4979020FA42EB00FCDE7A /* Release */,
			);
			defaultConfigurationIsVisible = 0;
			defaultConfigurationName = Release;
		};
		F2E4979120FA42EB00FCDE7A /* Build configuration list for PBXNativeTarget "test" */ = {
			isa = XCConfigurationList;
			buildConfigurations = (
				F2E4979220FA42EB00FCDE7A /* Debug */,
				F2E4979320FA42EB00FCDE7A /* Release */,
			);
			defaultConfigurationIsVisible = 0;
			defaultConfigurationName = Release;
		};
		F2E4979420FA42EB00FCDE7A /* Build configuration list for PBXNativeTarget "testTests" */ = {
			isa = XCConfigurationList;
			buildConfigurations = (
				F2E4979520FA42EB00FCDE7A /* Debug */,
				F2E4979620FA42EB00FCDE7A /* Release */,
			);
			defaultConfigurationIsVisible = 0;
			defaultConfigurationName = Release;
		};
		F2E4979720FA42EB00FCDE7A /* Build configuration list for PBXNativeTarget "testUITests" */ = {
			isa = XCConfigurationList;
			buildConfigurations = (
				F2E4979820FA42EB00FCDE7A /* Debug */,
				F2E4979920FA42EB00FCDE7A /* Release */,
			);
			defaultConfigurationIsVisible = 0;
			defaultConfigurationName = Release;
		};
/* End XCConfigurationList section */
	};
	rootObject = F2E4976120FA42EB00FCDE7A /* Project object */;
}
